{
  "name": "teadocs",
  "version": "0.1.0",
  "lockfileVersion": 1,
  "requires": true,
  "dependencies": {
    "chalk": {
      "version": "2.4.1",
      "resolved": "http://registry.npm.taobao.org/chalk/download/chalk-2.4.1.tgz",
      "dependencies": {
        "ansi-styles": {
          "version": "http://registry.npm.taobao.org/ansi-styles/download/ansi-styles-3.2.1.tgz",
          "dependencies": {
            "color-convert": {
              "version": "http://registry.npm.taobao.org/color-convert/download/color-convert-1.9.2.tgz",
              "bundled": true
            }
          }
        },
        "escape-string-regexp": {
          "version": "http://registry.npm.taobao.org/escape-string-regexp/download/escape-string-regexp-1.0.5.tgz"
        },
        "supports-color": {
          "version": "http://registry.npm.taobao.org/supports-color/download/supports-color-5.4.0.tgz"
        }
      }
    },
    "cheerio": {
      "version": "1.0.0-rc.2",
      "resolved": "http://registry.npm.taobao.org/cheerio/download/cheerio-1.0.0-rc.2.tgz",
      "dependencies": {
        "css-select": {
          "version": "http://registry.npm.taobao.org/css-select/download/css-select-1.2.0.tgz",
          "bundled": true
        },
        "dom-serializer": {
          "version": "http://registry.npm.taobao.org/dom-serializer/download/dom-serializer-0.1.0.tgz",
          "bundled": true,
          "dependencies": {
            "domelementtype": {
              "version": "http://registry.npm.taobao.org/domelementtype/download/domelementtype-1.1.3.tgz"
            },
            "entities": {
              "version": "http://registry.npm.taobao.org/entities/download/entities-1.1.1.tgz"
            }
          }
        },
        "entities": {
          "version": "http://registry.npm.taobao.org/entities/download/entities-1.1.1.tgz",
          "bundled": true
        },
        "htmlparser2": {
          "version": "http://registry.npm.taobao.org/htmlparser2/download/htmlparser2-3.9.2.tgz",
          "bundled": true
        },
        "lodash": {
          "version": "http://registry.npm.taobao.org/lodash/download/lodash-4.17.10.tgz",
          "bundled": true
        },
        "parse5": {
          "version": "http://registry.npm.taobao.org/parse5/download/parse5-3.0.3.tgz",
          "bundled": true
        }
      }
    },
    "chokidar": {
      "version": "2.0.4",
      "resolved": "http://registry.npm.taobao.org/chokidar/download/chokidar-2.0.4.tgz",
      "dependencies": {
        "anymatch": {
          "version": "http://registry.npm.taobao.org/anymatch/download/anymatch-2.0.0.tgz",
          "bundled": true,
          "dependencies": {
            "micromatch": {
              "version": "http://registry.npm.taobao.org/micromatch/download/micromatch-3.1.10.tgz",
              "bundled": true
            },
            "normalize-path": {
              "version": "http://registry.npm.taobao.org/normalize-path/download/normalize-path-2.1.1.tgz",
              "bundled": true
            }
          }
        },
        "async-each": {
          "version": "http://registry.npm.taobao.org/async-each/download/async-each-1.0.1.tgz",
          "bundled": true
        },
        "braces": {
          "version": "http://registry.npm.taobao.org/braces/download/braces-2.3.2.tgz",
          "bundled": true,
          "dependencies": {
            "arr-flatten": {
              "version": "http://registry.npm.taobao.org/arr-flatten/download/arr-flatten-1.1.0.tgz"
            },
            "array-unique": {
              "version": "http://registry.npm.taobao.org/array-unique/download/array-unique-0.3.2.tgz"
            },
            "extend-shallow": {
              "version": "http://registry.npm.taobao.org/extend-shallow/download/extend-shallow-2.0.1.tgz",
              "dependencies": {
                "is-extendable": {
                  "version": "http://registry.npm.taobao.org/is-extendable/download/is-extendable-0.1.1.tgz"
                }
              }
            },
            "fill-range": {
              "version": "http://registry.npm.taobao.org/fill-range/download/fill-range-4.0.0.tgz"
            },
            "isobject": {
              "version": "http://registry.npm.taobao.org/isobject/download/isobject-3.0.1.tgz"
            },
            "repeat-element": {
              "version": "http://registry.npm.taobao.org/repeat-element/download/repeat-element-1.1.2.tgz"
            },
            "snapdragon": {
              "version": "http://registry.npm.taobao.org/snapdragon/download/snapdragon-0.8.2.tgz"
            },
            "snapdragon-node": {
              "version": "http://registry.npm.taobao.org/snapdragon-node/download/snapdragon-node-2.1.1.tgz"
            },
            "split-string": {
              "version": "http://registry.npm.taobao.org/split-string/download/split-string-3.1.0.tgz",
              "dependencies": {
                "extend-shallow": {
                  "version": "http://registry.npm.taobao.org/extend-shallow/download/extend-shallow-3.0.2.tgz",
                  "bundled": true,
                  "dependencies": {
                    "assign-symbols": {
                      "version": "http://registry.npm.taobao.org/assign-symbols/download/assign-symbols-1.0.0.tgz"
                    },
                    "is-extendable": {
                      "version": "http://registry.npm.taobao.org/is-extendable/download/is-extendable-1.0.1.tgz"
                    }
                  }
                }
              }
            },
            "to-regex": {
              "version": "http://registry.npm.taobao.org/to-regex/download/to-regex-3.0.2.tgz"
            }
          }
        },
        "glob-parent": {
          "version": "http://registry.npm.taobao.org/glob-parent/download/glob-parent-3.1.0.tgz",
          "bundled": true
        },
        "inherits": {
          "version": "http://registry.npm.taobao.org/inherits/download/inherits-2.0.3.tgz",
          "bundled": true
        },
        "is-binary-path": {
          "version": "http://registry.npm.taobao.org/is-binary-path/download/is-binary-path-1.0.1.tgz",
          "bundled": true
        },
        "is-glob": {
          "version": "http://registry.npm.taobao.org/is-glob/download/is-glob-4.0.0.tgz",
          "bundled": true
        },
        "lodash.debounce": {
          "version": "http://registry.npm.taobao.org/lodash.debounce/download/lodash.debounce-4.0.8.tgz",
          "bundled": true
        },
        "normalize-path": {
          "version": "http://registry.npm.taobao.org/normalize-path/download/normalize-path-2.1.1.tgz",
          "bundled": true,
          "dependencies": {
            "remove-trailing-separator": {
              "version": "http://registry.npm.taobao.org/remove-trailing-separator/download/remove-trailing-separator-1.1.0.tgz",
              "bundled": true
            }
          }
        },
        "path-is-absolute": {
          "version": "http://registry.npm.taobao.org/path-is-absolute/download/path-is-absolute-1.0.1.tgz",
          "bundled": true
        },
        "readdirp": {
          "version": "http://registry.npm.taobao.org/readdirp/download/readdirp-2.1.0.tgz",
          "bundled": true
        },
        "upath": {
          "version": "http://registry.npm.taobao.org/upath/download/upath-1.1.0.tgz",
          "bundled": true
        }
      }
    },
    "co": {
      "version": "4.6.0",
      "resolved": "http://registry.npm.taobao.org/co/download/co-4.6.0.tgz"
    },
    "commander": {
      "version": "2.16.0",
      "resolved": "http://registry.npm.taobao.org/commander/download/commander-2.16.0.tgz"
    },
    "ejs": {
      "version": "2.6.1",
      "resolved": "http://registry.npm.taobao.org/ejs/download/ejs-2.6.1.tgz"
    },
    "fs-extra": {
      "version": "6.0.1",
      "resolved": "http://registry.npm.taobao.org/fs-extra/download/fs-extra-6.0.1.tgz",
      "dependencies": {
        "graceful-fs": {
          "version": "http://registry.npm.taobao.org/graceful-fs/download/graceful-fs-4.1.11.tgz",
          "bundled": true
        },
        "jsonfile": {
          "version": "http://registry.npm.taobao.org/jsonfile/download/jsonfile-4.0.0.tgz",
          "bundled": true
        },
        "universalify": {
          "version": "http://registry.npm.taobao.org/universalify/download/universalify-0.1.2.tgz",
          "bundled": true
        }
      }
    },
    "html-minifier": {
      "version": "3.5.18",
      "resolved": "http://registry.npm.taobao.org/html-minifier/download/html-minifier-3.5.18.tgz",
      "requires": {
        "commander": "2.16.x",
        "uglify-js": "3.4.x"
      },
      "dependencies": {
        "camel-case": {
          "version": "http://registry.npm.taobao.org/camel-case/download/camel-case-3.0.0.tgz",
          "bundled": true,
          "dependencies": {
            "no-case": {
              "version": "http://registry.npm.taobao.org/no-case/download/no-case-2.3.2.tgz",
              "bundled": true
            },
            "upper-case": {
              "version": "http://registry.npm.taobao.org/upper-case/download/upper-case-1.1.3.tgz",
              "bundled": true
            }
          }
        },
        "clean-css": {
          "version": "http://registry.npm.taobao.org/clean-css/download/clean-css-4.1.11.tgz",
          "bundled": true
        },
        "commander": {
          "version": "http://registry.npm.taobao.org/commander/download/commander-2.16.0.tgz",
          "bundled": true
        },
        "he": {
          "version": "http://registry.npm.taobao.org/he/download/he-1.1.1.tgz",
          "bundled": true
        },
        "param-case": {
          "version": "http://registry.npm.taobao.org/param-case/download/param-case-2.1.1.tgz",
          "bundled": true,
          "dependencies": {
            "no-case": {
              "version": "http://registry.npm.taobao.org/no-case/download/no-case-2.3.2.tgz",
              "bundled": true,
              "dependencies": {
                "lower-case": {
                  "version": "http://registry.npm.taobao.org/lower-case/download/lower-case-1.1.4.tgz",
                  "bundled": true
                }
              }
            }
          }
        },
        "relateurl": {
          "version": "http://registry.npm.taobao.org/relateurl/download/relateurl-0.2.7.tgz",
          "bundled": true
        },
        "uglify-js": {
          "version": "http://registry.npm.taobao.org/uglify-js/download/uglify-js-3.4.4.tgz",
          "bundled": true
        }
      }
    },
    "koa": {
      "version": "2.5.1",
      "resolved": "http://registry.npm.taobao.org/koa/download/koa-2.5.1.tgz",
      "dependencies": {
        "accepts": {
          "version": "http://registry.npm.taobao.org/accepts/download/accepts-1.3.5.tgz",
          "bundled": true,
          "dependencies": {
            "mime-types": {
              "version": "http://registry.npm.taobao.org/mime-types/download/mime-types-2.1.18.tgz"
            },
            "negotiator": {
              "version": "http://registry.npm.taobao.org/negotiator/download/negotiator-0.6.1.tgz"
            }
          }
        },
        "content-disposition": {
          "version": "http://registry.npm.taobao.org/content-disposition/download/content-disposition-0.5.2.tgz",
          "bundled": true
        },
        "content-type": {
          "version": "http://registry.npm.taobao.org/content-type/download/content-type-1.0.4.tgz",
          "bundled": true
        },
        "cookies": {
          "version": "http://registry.npm.taobao.org/cookies/download/cookies-0.7.1.tgz",
          "bundled": true
        },
        "debug": {
          "version": "http://registry.npm.taobao.org/debug/download/debug-3.1.0.tgz",
          "bundled": true
        },
        "delegates": {
          "version": "http://registry.npm.taobao.org/delegates/download/delegates-1.0.0.tgz",
          "bundled": true
        },
        "depd": {
          "version": "http://registry.npm.taobao.org/depd/download/depd-1.1.2.tgz",
          "bundled": true
        },
        "destroy": {
          "version": "http://registry.npm.taobao.org/destroy/download/destroy-1.0.4.tgz",
          "bundled": true
        },
        "error-inject": {
          "version": "http://registry.npm.taobao.org/error-inject/download/error-inject-1.0.0.tgz",
          "bundled": true
        },
        "escape-html": {
          "version": "http://registry.npm.taobao.org/escape-html/download/escape-html-1.0.3.tgz",
          "bundled": true
        },
        "fresh": {
          "version": "http://registry.npm.taobao.org/fresh/download/fresh-0.5.2.tgz",
          "bundled": true
        },
        "http-assert": {
          "version": "http://registry.npm.taobao.org/http-assert/download/http-assert-1.3.0.tgz",
          "bundled": true,
          "dependencies": {
            "deep-equal": {
              "version": "http://registry.npm.taobao.org/deep-equal/download/deep-equal-1.0.1.tgz",
              "bundled": true
            },
            "http-errors": {
              "version": "http://registry.npm.taobao.org/http-errors/download/http-errors-1.6.3.tgz",
              "bundled": true,
              "dependencies": {
                "depd": {
                  "version": "http://registry.npm.taobao.org/depd/download/depd-1.1.2.tgz",
                  "bundled": true
                },
                "inherits": {
                  "version": "http://registry.npm.taobao.org/inherits/download/inherits-2.0.3.tgz",
                  "bundled": true
                },
                "setprototypeof": {
                  "version": "http://registry.npm.taobao.org/setprototypeof/download/setprototypeof-1.1.0.tgz",
                  "bundled": true
                },
                "statuses": {
                  "version": "http://registry.npm.taobao.org/statuses/download/statuses-1.5.0.tgz",
                  "bundled": true
                }
              }
            }
          }
        },
        "http-errors": {
          "version": "http://registry.npm.taobao.org/http-errors/download/http-errors-1.6.3.tgz",
          "bundled": true,
          "dependencies": {
            "depd": {
              "version": "http://registry.npm.taobao.org/depd/download/depd-1.1.2.tgz",
              "bundled": true
            },
            "inherits": {
              "version": "http://registry.npm.taobao.org/inherits/download/inherits-2.0.3.tgz",
              "bundled": true
            },
            "setprototypeof": {
              "version": "http://registry.npm.taobao.org/setprototypeof/download/setprototypeof-1.1.0.tgz",
              "bundled": true
            },
            "statuses": {
              "version": "http://registry.npm.taobao.org/statuses/download/statuses-1.5.0.tgz",
              "bundled": true
            }
          }
        },
        "is-generator-function": {
          "version": "http://registry.npm.taobao.org/is-generator-function/download/is-generator-function-1.0.7.tgz",
          "bundled": true
        },
        "koa-compose": {
          "version": "http://registry.npm.taobao.org/koa-compose/download/koa-compose-4.1.0.tgz",
          "bundled": true
        },
        "koa-convert": {
          "version": "http://registry.npm.taobao.org/koa-convert/download/koa-convert-1.2.0.tgz",
          "bundled": true
        },
        "koa-is-json": {
          "version": "http://registry.npm.taobao.org/koa-is-json/download/koa-is-json-1.0.0.tgz",
          "bundled": true
        },
        "mime-types": {
          "version": "http://registry.npm.taobao.org/mime-types/download/mime-types-2.1.18.tgz",
          "bundled": true,
          "dependencies": {
            "mime-db": {
              "version": "http://registry.npm.taobao.org/mime-db/download/mime-db-1.33.0.tgz",
              "bundled": true
            }
          }
        },
        "on-finished": {
          "version": "http://registry.npm.taobao.org/on-finished/download/on-finished-2.3.0.tgz",
          "bundled": true
        },
        "only": {
          "version": "http://registry.npm.taobao.org/only/download/only-0.0.2.tgz",
          "bundled": true
        },
        "parseurl": {
          "version": "http://registry.npm.taobao.org/parseurl/download/parseurl-1.3.2.tgz",
          "bundled": true
        },
        "statuses": {
          "version": "http://registry.npm.taobao.org/statuses/download/statuses-1.5.0.tgz",
          "bundled": true
        },
        "type-is": {
          "version": "http://registry.npm.taobao.org/type-is/download/type-is-1.6.16.tgz",
          "bundled": true
        },
        "vary": {
          "version": "http://registry.npm.taobao.org/vary/download/vary-1.1.2.tgz",
          "bundled": true
        }
      }
    },
    "koa-router": {
      "version": "7.4.0",
      "resolved": "http://registry.npm.taobao.org/koa-router/download/koa-router-7.4.0.tgz",
      "dependencies": {
        "debug": {
          "version": "http://registry.npm.taobao.org/debug/download/debug-3.1.0.tgz",
          "bundled": true,
          "dependencies": {
            "ms": {
              "version": "http://registry.npm.taobao.org/ms/download/ms-2.0.0.tgz"
            }
          }
        },
        "http-errors": {
          "version": "http://registry.npm.taobao.org/http-errors/download/http-errors-1.6.3.tgz",
          "bundled": true
        },
        "koa-compose": {
          "version": "http://registry.npm.taobao.org/koa-compose/download/koa-compose-3.2.1.tgz",
          "bundled": true
        },
        "methods": {
          "version": "http://registry.npm.taobao.org/methods/download/methods-1.1.2.tgz",
          "bundled": true
        },
        "path-to-regexp": {
          "version": "http://registry.npm.taobao.org/path-to-regexp/download/path-to-regexp-1.7.0.tgz",
          "bundled": true
        },
        "urijs": {
          "version": "http://registry.npm.taobao.org/urijs/download/urijs-1.19.1.tgz",
          "bundled": true
        }
      }
    },
    "koa-socket": {
      "version": "4.4.0",
      "resolved": "http://registry.npm.taobao.org/koa-socket/download/koa-socket-4.4.0.tgz",
      "dependencies": {
        "koa-compose": {
          "version": "http://registry.npm.taobao.org/koa-compose/download/koa-compose-3.1.0.tgz"
        },
        "socket.io": {
          "version": "http://registry.npm.taobao.org/socket.io/download/socket.io-1.4.5.tgz"
        }
      }
    },
    "koa-static": {
      "version": "4.0.3",
      "resolved": "http://registry.npm.taobao.org/koa-static/download/koa-static-4.0.3.tgz",
      "dependencies": {
        "debug": {
          "version": "http://registry.npm.taobao.org/debug/download/debug-3.1.0.tgz",
          "dependencies": {
            "ms": {
              "version": "http://registry.npm.taobao.org/ms/download/ms-2.0.0.tgz"
            }
          }
        },
        "koa-send": {
          "version": "http://registry.npm.taobao.org/koa-send/download/koa-send-4.1.3.tgz",
          "dependencies": {
            "debug": {
              "version": "http://registry.npm.taobao.org/debug/download/debug-2.6.9.tgz",
              "bundled": true
            },
            "http-errors": {
              "version": "http://registry.npm.taobao.org/http-errors/download/http-errors-1.6.3.tgz",
              "bundled": true,
              "dependencies": {
                "depd": {
                  "version": "http://registry.npm.taobao.org/depd/download/depd-1.1.2.tgz",
                  "bundled": true
                },
                "inherits": {
                  "version": "http://registry.npm.taobao.org/inherits/download/inherits-2.0.3.tgz",
                  "bundled": true
                },
                "setprototypeof": {
                  "version": "http://registry.npm.taobao.org/setprototypeof/download/setprototypeof-1.1.0.tgz",
                  "bundled": true
                },
                "statuses": {
                  "version": "http://registry.npm.taobao.org/statuses/download/statuses-1.5.0.tgz",
                  "bundled": true
                }
              }
            },
            "mz": {
              "version": "http://registry.npm.taobao.org/mz/download/mz-2.7.0.tgz",
              "bundled": true
            },
            "resolve-path": {
              "version": "http://registry.npm.taobao.org/resolve-path/download/resolve-path-1.4.0.tgz",
              "bundled": true
            }
          }
        }
      }
    },
    "marked": {
      "version": "0.4.0",
      "resolved": "http://registry.npm.taobao.org/marked/download/marked-0.4.0.tgz"
    },
    "open": {
      "version": "0.0.5",
      "resolved": "http://registry.npm.taobao.org/open/download/open-0.0.5.tgz"
    },
    "semver": {
      "version": "5.5.0",
      "resolved": "http://registry.npm.taobao.org/semver/download/semver-5.5.0.tgz"
    },
    "uglify-js": {
      "version": "3.4.6",
      "resolved": "https://registry.npmjs.org/uglify-js/-/uglify-js-3.4.6.tgz",
      "integrity": "sha512-O1D7L6WcOzS1qW2ehopEm4cWm5yA6bQBozlks8jO8ODxYCy4zv+bR/la4Lwp01tpkYGNonnpXvUpYtrvSu8Yzg==",
      "requires": {
        "commander": "~2.16.0",
        "source-map": "~0.6.1"
      },
      "dependencies": {
        "source-map": {
          "version": "0.6.1",
          "resolved": "https://registry.npmjs.org/source-map/-/source-map-0.6.1.tgz",
          "integrity": "sha512-UjgapumWlbMhkBgzT7Ykc5YXUT46F0iKu8SGXq0bcwP5dz/h0Plj6enJqjz1Zbq2l5WaqYnrVbwWOWMyF3F47g=="
        }
      }
    }
  }
}
